PODS:
  - AWSCore (2.5.3)
  - AWSLambda (2.5.3):
    - AWSCore (= 2.5.3)

DEPENDENCIES:
  - AWSLambda

SPEC CHECKSUMS:
  AWSCore: 344e21892790650cf902246d436402257a545bde
  AWSLambda: bdf90b087e8c5f4f7af764ef067b92c15db7542d

PODFILE CHECKSUM: 267d905037a56050d9de90266b7da4aca9314371

COCOAPODS: 1.2.0
